{
  "name": "sharedb",
  "lockfileVersion": 2,
  "requires": true,
  "packages": {
    "": {
      "dependencies": {
        "@teamwork/websocket-json-stream": "^2.0.0",
        "rich-text": "^4.1.0",
        "sharedb": "^4.1.2"
      }
    },
    "node_modules/@teamwork/websocket-json-stream": {
      "version": "2.0.0",
      "resolved": "https://registry.npmjs.org/@teamwork/websocket-json-stream/-/websocket-json-stream-2.0.0.tgz",
      "integrity": "sha512-SCEM44hjNyxYwrtyJrjlHmeTd9RJlZr04BAMbHSBhdW0M2IXv0SC+4XeuRXPiY7U7pJ0W8TSUwVP/28MV/ds0w=="
    },
    "node_modules/arraydiff": {
      "version": "0.1.3",
      "resolved": "https://registry.npmjs.org/arraydiff/-/arraydiff-0.1.3.tgz",
      "integrity": "sha512-t0OgO06uolEcMUvV8+yHc9Pc9pazh8wi/Dtyok/sQwvcr8iFV+P86IfAzK7upUDhI4oavhVREMY7iSWtm38LeA=="
    },
    "node_modules/async": {
      "version": "3.2.5",
      "resolved": "https://registry.npmjs.org/async/-/async-3.2.5.tgz",
      "integrity": "sha512-baNZyqaaLhyLVKm/DlvdW051MSgO6b8eVfIezl9E5PqWxFgzLm/wQntEW4zOytVburDEr0JlALEpdOFwvErLsg=="
    },
    "node_modules/fast-deep-equal": {
      "version": "3.1.3",
      "resolved": "https://registry.npmjs.org/fast-deep-equal/-/fast-deep-equal-3.1.3.tgz",
      "integrity": "sha512-f3qQ9oQy9j2AhBe/H9VC91wLmKBCCU/gDOnKNAYG5hswO7BLKj09Hc5HYNz9cGI++xlpDCIgDaitVs03ATR84Q=="
    },
    "node_modules/fast-diff": {
      "version": "1.2.0",
      "resolved": "https://registry.npmjs.org/fast-diff/-/fast-diff-1.2.0.tgz",
      "integrity": "sha512-xJuoT5+L99XlZ8twedaRf6Ax2TgQVxvgZOYoPKqZufmJib0tL2tegPBOZb1pVNgIhlqDlA0eO0c3wBvQcmzx4w=="
    },
    "node_modules/hat": {
      "version": "0.0.3",
      "resolved": "https://registry.npmjs.org/hat/-/hat-0.0.3.tgz",
      "integrity": "sha512-zpImx2GoKXy42fVDSEad2BPKuSQdLcqsCYa48K3zHSzM/ugWuYjLDr8IXxpVuL7uCLHw56eaiLxCRthhOzf5ug==",
      "engines": {
        "node": "*"
      }
    },
    "node_modules/lodash.clonedeep": {
      "version": "4.5.0",
      "resolved": "https://registry.npmjs.org/lodash.clonedeep/-/lodash.clonedeep-4.5.0.tgz",
      "integrity": "sha512-H5ZhCF25riFd9uB5UCkVKo61m3S/xZk1x4wA6yp/L3RFP6Z/eHH1ymQcGLo7J3GMPfm0V/7m1tryHuGVxpqEBQ=="
    },
    "node_modules/lodash.isequal": {
      "version": "4.5.0",
      "resolved": "https://registry.npmjs.org/lodash.isequal/-/lodash.isequal-4.5.0.tgz",
      "integrity": "sha512-pDo3lu8Jhfjqls6GkMgpahsF9kCyayhgykjyLMNFTKWrpVdAQtYyB4muAMWozBB4ig/dtWAmsMxLEI8wuz+DYQ=="
    },
    "node_modules/ot-json0": {
      "version": "1.1.0",
      "resolved": "https://registry.npmjs.org/ot-json0/-/ot-json0-1.1.0.tgz",
      "integrity": "sha512-wf5fci7GGpMYRDnbbdIFQymvhsbFACMHtxjivQo5KgvAHlxekyfJ9aPsRr6YfFQthQkk4bmsl5yESrZwC/oMYQ=="
    },
    "node_modules/quill-delta": {
      "version": "4.2.2",
      "resolved": "https://registry.npmjs.org/quill-delta/-/quill-delta-4.2.2.tgz",
      "integrity": "sha512-qjbn82b/yJzOjstBgkhtBjN2TNK+ZHP/BgUQO+j6bRhWQQdmj2lH6hXG7+nwwLF41Xgn//7/83lxs9n2BkTtTg==",
      "dependencies": {
        "fast-diff": "1.2.0",
        "lodash.clonedeep": "^4.5.0",
        "lodash.isequal": "^4.5.0"
      }
    },
    "node_modules/rich-text": {
      "version": "4.1.0",
      "resolved": "https://registry.npmjs.org/rich-text/-/rich-text-4.1.0.tgz",
      "integrity": "sha512-zQg80us6AfopS7s2YPsU+jfLX1RJaOdd6w26Jz4Al1G73AMzqDLTIZSnr0I7HTdCIU1gcGSMDlhq2v4IfoKfbg==",
      "dependencies": {
        "quill-delta": "^4.2.1"
      },
      "engines": {
        "node": ">=0.10"
      }
    },
    "node_modules/sharedb": {
      "version": "4.1.2",
      "resolved": "https://registry.npmjs.org/sharedb/-/sharedb-4.1.2.tgz",
      "integrity": "sha512-HwzJMxGvLSDdnlLSYja0O+LZ9W9+lrA5hsiPAph1pH9KCCx9AFVNDELr7slk6lNr/9XHJkBvsVZdt9a1t2J8hg==",
      "dependencies": {
        "arraydiff": "^0.1.3",
        "async": "^3.2.4",
        "fast-deep-equal": "^3.1.3",
        "hat": "0.0.3",
        "ot-json0": "^1.1.0"
      }
    }
  },
  "dependencies": {
    "@teamwork/websocket-json-stream": {
      "version": "2.0.0",
      "resolved": "https://registry.npmjs.org/@teamwork/websocket-json-stream/-/websocket-json-stream-2.0.0.tgz",
      "integrity": "sha512-SCEM44hjNyxYwrtyJrjlHmeTd9RJlZr04BAMbHSBhdW0M2IXv0SC+4XeuRXPiY7U7pJ0W8TSUwVP/28MV/ds0w=="
    },
    "arraydiff": {
      "version": "0.1.3",
      "resolved": "https://registry.npmjs.org/arraydiff/-/arraydiff-0.1.3.tgz",
      "integrity": "sha512-t0OgO06uolEcMUvV8+yHc9Pc9pazh8wi/Dtyok/sQwvcr8iFV+P86IfAzK7upUDhI4oavhVREMY7iSWtm38LeA=="
    },
    "async": {
      "version": "3.2.5",
      "resolved": "https://registry.npmjs.org/async/-/async-3.2.5.tgz",
      "integrity": "sha512-baNZyqaaLhyLVKm/DlvdW051MSgO6b8eVfIezl9E5PqWxFgzLm/wQntEW4zOytVburDEr0JlALEpdOFwvErLsg=="
    },
    "fast-deep-equal": {
      "version": "3.1.3",
      "resolved": "https://registry.npmjs.org/fast-deep-equal/-/fast-deep-equal-3.1.3.tgz",
      "integrity": "sha512-f3qQ9oQy9j2AhBe/H9VC91wLmKBCCU/gDOnKNAYG5hswO7BLKj09Hc5HYNz9cGI++xlpDCIgDaitVs03ATR84Q=="
    },
    "fast-diff": {
      "version": "1.2.0",
      "resolved": "https://registry.npmjs.org/fast-diff/-/fast-diff-1.2.0.tgz",
      "integrity": "sha512-xJuoT5+L99XlZ8twedaRf6Ax2TgQVxvgZOYoPKqZufmJib0tL2tegPBOZb1pVNgIhlqDlA0eO0c3wBvQcmzx4w=="
    },
    "hat": {
      "version": "0.0.3",
      "resolved": "https://registry.npmjs.org/hat/-/hat-0.0.3.tgz",
      "integrity": "sha512-zpImx2GoKXy42fVDSEad2BPKuSQdLcqsCYa48K3zHSzM/ugWuYjLDr8IXxpVuL7uCLHw56eaiLxCRthhOzf5ug=="
    },
    "lodash.clonedeep": {
      "version": "4.5.0",
      "resolved": "https://registry.npmjs.org/lodash.clonedeep/-/lodash.clonedeep-4.5.0.tgz",
      "integrity": "sha512-H5ZhCF25riFd9uB5UCkVKo61m3S/xZk1x4wA6yp/L3RFP6Z/eHH1ymQcGLo7J3GMPfm0V/7m1tryHuGVxpqEBQ=="
    },
    "lodash.isequal": {
      "version": "4.5.0",
      "resolved": "https://registry.npmjs.org/lodash.isequal/-/lodash.isequal-4.5.0.tgz",
      "integrity": "sha512-pDo3lu8Jhfjqls6GkMgpahsF9kCyayhgykjyLMNFTKWrpVdAQtYyB4muAMWozBB4ig/dtWAmsMxLEI8wuz+DYQ=="
    },
    "ot-json0": {
      "version": "1.1.0",
      "resolved": "https://registry.npmjs.org/ot-json0/-/ot-json0-1.1.0.tgz",
      "integrity": "sha512-wf5fci7GGpMYRDnbbdIFQymvhsbFACMHtxjivQo5KgvAHlxekyfJ9aPsRr6YfFQthQkk4bmsl5yESrZwC/oMYQ=="
    },
    "quill-delta": {
      "version": "4.2.2",
      "resolved": "https://registry.npmjs.org/quill-delta/-/quill-delta-4.2.2.tgz",
      "integrity": "sha512-qjbn82b/yJzOjstBgkhtBjN2TNK+ZHP/BgUQO+j6bRhWQQdmj2lH6hXG7+nwwLF41Xgn//7/83lxs9n2BkTtTg==",
      "requires": {
        "fast-diff": "1.2.0",
        "lodash.clonedeep": "^4.5.0",
        "lodash.isequal": "^4.5.0"
      }
    },
    "rich-text": {
      "version": "4.1.0",
      "resolved": "https://registry.npmjs.org/rich-text/-/rich-text-4.1.0.tgz",
      "integrity": "sha512-zQg80us6AfopS7s2YPsU+jfLX1RJaOdd6w26Jz4Al1G73AMzqDLTIZSnr0I7HTdCIU1gcGSMDlhq2v4IfoKfbg==",
      "requires": {
        "quill-delta": "^4.2.1"
      }
    },
    "sharedb": {
      "version": "4.1.2",
      "resolved": "https://registry.npmjs.org/sharedb/-/sharedb-4.1.2.tgz",
      "integrity": "sha512-HwzJMxGvLSDdnlLSYja0O+LZ9W9+lrA5hsiPAph1pH9KCCx9AFVNDELr7slk6lNr/9XHJkBvsVZdt9a1t2J8hg==",
      "requires": {
        "arraydiff": "^0.1.3",
        "async": "^3.2.4",
        "fast-deep-equal": "^3.1.3",
        "hat": "0.0.3",
        "ot-json0": "^1.1.0"
      }
    }
  }
}
